{
  "version": 4,
  "terraform_version": "1.13.3",
  "serial": 19,
  "lineage": "6a640a35-bf9e-1e8d-5b7f-91d75dec3e01",
  "outputs": {},
  "resources": [
    {
      "mode": "managed",
      "type": "azurerm_resource_group",
      "name": "IaC",
      "provider": "provider[\"registry.terraform.io/hashicorp/azurerm\"]",
      "instances": [
        {
          "schema_version": 0,
          "attributes": {
            "id": "/subscriptions/102057f1-f742-4ffe-83c0-872a3b4f7578/resourceGroups/Infrastructure_as_Code",
            "location": "germanywestcentral",
            "managed_by": "",
            "name": "Infrastructure_as_Code",
            "tags": null,
            "timeouts": null
          },
          "sensitive_attributes": [],
          "identity_schema_version": 0,
          "private": "eyJlMmJmYjczMC1lY2FhLTExZTYtOGY4OC0zNDM2M2JjN2M0YzAiOnsiY3JlYXRlIjo1NDAwMDAwMDAwMDAwLCJkZWxldGUiOjU0MDAwMDAwMDAwMDAsInJlYWQiOjMwMDAwMDAwMDAwMCwidXBkYXRlIjo1NDAwMDAwMDAwMDAwfX0="
        }
      ]
    },
    {
      "mode": "managed",
      "type": "azurerm_virtual_network",
      "name": "LAN",
      "provider": "provider[\"registry.terraform.io/hashicorp/azurerm\"]",
      "instances": [
        {
          "schema_version": 0,
          "attributes": {
            "address_space": [
              "172.22.1.0/24"
            ],
            "bgp_community": "",
            "ddos_protection_plan": [],
            "dns_servers": [],
            "edge_zone": "",
            "encryption": [],
            "flow_timeout_in_minutes": 0,
            "guid": "ee19dc87-317e-42e3-a2b2-66385ba3aa97",
            "id": "/subscriptions/102057f1-f742-4ffe-83c0-872a3b4f7578/resourceGroups/Infrastructure_as_Code/providers/Microsoft.Network/virtualNetworks/IaC-network",
            "ip_address_pool": [],
            "location": "germanywestcentral",
            "name": "IaC-network",
            "private_endpoint_vnet_policies": "Disabled",
            "resource_group_name": "Infrastructure_as_Code",
            "subnet": [],
            "tags": null,
            "timeouts": null
          },
          "sensitive_attributes": [],
          "identity_schema_version": 0,
          "identity": {
            "name": "IaC-network",
            "resource_group_name": "Infrastructure_as_Code",
            "subscription_id": "102057f1-f742-4ffe-83c0-872a3b4f7578"
          },
          "private": "eyJlMmJmYjczMC1lY2FhLTExZTYtOGY4OC0zNDM2M2JjN2M0YzAiOnsiY3JlYXRlIjoxODAwMDAwMDAwMDAwLCJkZWxldGUiOjE4MDAwMDAwMDAwMDAsInJlYWQiOjMwMDAwMDAwMDAwMCwidXBkYXRlIjoxODAwMDAwMDAwMDAwfX0=",
          "dependencies": [
            "azurerm_resource_group.IaC"
          ]
        }
      ]
    }
  ],
  "check_results": null
}
